// !$*UTF8*$!
{
	archiveVersion = 1;
	classes = {
	};
	objectVersion = 55;
	objects = {

/* Begin PBXBuildFile section */
		3AF3DD27D5CD7ABC1DF82ECA /* Pods_HealthCareAppTests.framework in Frameworks */ = {isa = PBXBuildFile; fileRef = 3C4E799DDE72406E220E6198 /* Pods_HealthCareAppTests.framework */; };
		5C4E131BA4AA088A3D40D0EC /* Pods_HealthCareApp.framework in Frameworks */ = {isa = PBXBuildFile; fileRef = 1E292A3BC60866216155112F /* Pods_HealthCareApp.framework */; };
		5E9EF23D7C1A0EB3E389B7D4 /* Pods_HealthCareApp_HealthCareAppUITests.framework in Frameworks */ = {isa = PBXBuildFile; fileRef = 99AE1FEB13B2B6A83E6E2686 /* Pods_HealthCareApp_HealthCareAppUITests.framework */; };
		80B60D5E273E3D70001A0CD4 /* AppDelegate.swift in Sources */ = {isa = PBXBuildFile; fileRef = 80B60D5D273E3D70001A0CD4 /* AppDelegate.swift */; };
		80B60D60273E3D70001A0CD4 /* SceneDelegate.swift in Sources */ = {isa = PBXBuildFile; fileRef = 80B60D5F273E3D70001A0CD4 /* SceneDelegate.swift */; };
		80B60D62273E3D70001A0CD4 /* ViewController.swift in Sources */ = {isa = PBXBuildFile; fileRef = 80B60D61273E3D70001A0CD4 /* ViewController.swift */; };
		80B60D65273E3D70001A0CD4 /* Main.storyboard in Resources */ = {isa = PBXBuildFile; fileRef = 80B60D63273E3D70001A0CD4 /* Main.storyboard */; };
		80B60D68273E3D70001A0CD4 /* HealthCareApp.xcdatamodeld in Sources */ = {isa = PBXBuildFile; fileRef = 80B60D66273E3D70001A0CD4 /* HealthCareApp.xcdatamodeld */; };
		80B60D6A273E3D71001A0CD4 /* Assets.xcassets in Resources */ = {isa = PBXBuildFile; fileRef = 80B60D69273E3D71001A0CD4 /* Assets.xcassets */; };
		80B60D6D273E3D71001A0CD4 /* LaunchScreen.storyboard in Resources */ = {isa = PBXBuildFile; fileRef = 80B60D6B273E3D71001A0CD4 /* LaunchScreen.storyboard */; };
		80B60D78273E3D71001A0CD4 /* HealthCareAppTests.swift in Sources */ = {isa = PBXBuildFile; fileRef = 80B60D77273E3D71001A0CD4 /* HealthCareAppTests.swift */; };
		80B60D82273E3D71001A0CD4 /* HealthCareAppUITests.swift in Sources */ = {isa = PBXBuildFile; fileRef = 80B60D81273E3D71001A0CD4 /* HealthCareAppUITests.swift */; };
		80B60D84273E3D71001A0CD4 /* HealthCareAppUITestsLaunchTests.swift in Sources */ = {isa = PBXBuildFile; fileRef = 80B60D83273E3D71001A0CD4 /* HealthCareAppUITestsLaunchTests.swift */; };
		80B60D93273E3DE3001A0CD4 /* HealthKit.framework in Frameworks */ = {isa = PBXBuildFile; fileRef = 80B60D92273E3DE3001A0CD4 /* HealthKit.framework */; };
/* End PBXBuildFile section */

/* Begin PBXContainerItemProxy section */
		80B60D74273E3D71001A0CD4 /* PBXContainerItemProxy */ = {
			isa = PBXContainerItemProxy;
			containerPortal = 80B60D52273E3D70001A0CD4 /* Project object */;
			proxyType = 1;
			remoteGlobalIDString = 80B60D59273E3D70001A0CD4;
			remoteInfo = HealthCareApp;
		};
		80B60D7E273E3D71001A0CD4 /* PBXContainerItemProxy */ = {
			isa = PBXContainerItemProxy;
			containerPortal = 80B60D52273E3D70001A0CD4 /* Project object */;
			proxyType = 1;
			remoteGlobalIDString = 80B60D59273E3D70001A0CD4;
			remoteInfo = HealthCareApp;
		};
/* End PBXContainerItemProxy section */

/* Begin PBXFileReference section */
		063D00E6DE8CABE15253B7C6 /* Pods-HealthCareApp.release.xcconfig */ = {isa = PBXFileReference; includeInIndex = 1; lastKnownFileType = text.xcconfig; name = "Pods-HealthCareApp.release.xcconfig"; path = "Target Support Files/Pods-HealthCareApp/Pods-HealthCareApp.release.xcconfig"; sourceTree = "<group>"; };
		1580589446B7CFD73732936D /* Pods-HealthCareApp.debug.xcconfig */ = {isa = PBXFileReference; includeInIndex = 1; lastKnownFileType = text.xcconfig; name = "Pods-HealthCareApp.debug.xcconfig"; path = "Target Support Files/Pods-HealthCareApp/Pods-HealthCareApp.debug.xcconfig"; sourceTree = "<group>"; };
		1E292A3BC60866216155112F /* Pods_HealthCareApp.framework */ = {isa = PBXFileReference; explicitFileType = wrapper.framework; includeInIndex = 0; path = Pods_HealthCareApp.framework; sourceTree = BUILT_PRODUCTS_DIR; };
		2295019251CA463E09572DCE /* Pods-HealthCareApp-HealthCareAppUITests.release.xcconfig */ = {isa = PBXFileReference; includeInIndex = 1; lastKnownFileType = text.xcconfig; name = "Pods-HealthCareApp-HealthCareAppUITests.release.xcconfig"; path = "Target Support Files/Pods-HealthCareApp-HealthCareAppUITests/Pods-HealthCareApp-HealthCareAppUITests.release.xcconfig"; sourceTree = "<group>"; };
		3C4E799DDE72406E220E6198 /* Pods_HealthCareAppTests.framework */ = {isa = PBXFileReference; explicitFileType = wrapper.framework; includeInIndex = 0; path = Pods_HealthCareAppTests.framework; sourceTree = BUILT_PRODUCTS_DIR; };
		5EB1BBD71D567F2283DB55A8 /* Pods-HealthCareAppTests.debug.xcconfig */ = {isa = PBXFileReference; includeInIndex = 1; lastKnownFileType = text.xcconfig; name = "Pods-HealthCareAppTests.debug.xcconfig"; path = "Target Support Files/Pods-HealthCareAppTests/Pods-HealthCareAppTests.debug.xcconfig"; sourceTree = "<group>"; };
		707BA834F90C01A4B661E792 /* Pods-HealthCareApp-HealthCareAppUITests.debug.xcconfig */ = {isa = PBXFileReference; includeInIndex = 1; lastKnownFileType = text.xcconfig; name = "Pods-HealthCareApp-HealthCareAppUITests.debug.xcconfig"; path = "Target Support Files/Pods-HealthCareApp-HealthCareAppUITests/Pods-HealthCareApp-HealthCareAppUITests.debug.xcconfig"; sourceTree = "<group>"; };
		80B60D5A273E3D70001A0CD4 /* HealthCareApp.app */ = {isa = PBXFileReference; explicitFileType = wrapper.application; includeInIndex = 0; path = HealthCareApp.app; sourceTree = BUILT_PRODUCTS_DIR; };
		80B60D5D273E3D70001A0CD4 /* AppDelegate.swift */ = {isa = PBXFileReference; lastKnownFileType = sourcecode.swift; path = AppDelegate.swift; sourceTree = "<group>"; };
		80B60D5F273E3D70001A0CD4 /* SceneDelegate.swift */ = {isa = PBXFileReference; lastKnownFileType = sourcecode.swift; path = SceneDelegate.swift; sourceTree = "<group>"; };
		80B60D61273E3D70001A0CD4 /* ViewController.swift */ = {isa = PBXFileReference; lastKnownFileType = sourcecode.swift; path = ViewController.swift; sourceTree = "<group>"; };
		80B60D64273E3D70001A0CD4 /* Base */ = {isa = PBXFileReference; lastKnownFileType = file.storyboard; name = Base; path = Base.lproj/Main.storyboard; sourceTree = "<group>"; };
		80B60D67273E3D70001A0CD4 /* HealthCareApp.xcdatamodel */ = {isa = PBXFileReference; lastKnownFileType = wrapper.xcdatamodel; path = HealthCareApp.xcdatamodel; sourceTree = "<group>"; };
		80B60D69273E3D71001A0CD4 /* Assets.xcassets */ = {isa = PBXFileReference; lastKnownFileType = folder.assetcatalog; path = Assets.xcassets; sourceTree = "<group>"; };
		80B60D6C273E3D71001A0CD4 /* Base */ = {isa = PBXFileReference; lastKnownFileType = file.storyboard; name = Base; path = Base.lproj/LaunchScreen.storyboard; sourceTree = "<group>"; };
		80B60D6E273E3D71001A0CD4 /* Info.plist */ = {isa = PBXFileReference; lastKnownFileType = text.plist.xml; path = Info.plist; sourceTree = "<group>"; };
		80B60D73273E3D71001A0CD4 /* HealthCareAppTests.xctest */ = {isa = PBXFileReference; explicitFileType = wrapper.cfbundle; includeInIndex = 0; path = HealthCareAppTests.xctest; sourceTree = BUILT_PRODUCTS_DIR; };
		80B60D77273E3D71001A0CD4 /* HealthCareAppTests.swift */ = {isa = PBXFileReference; lastKnownFileType = sourcecode.swift; path = HealthCareAppTests.swift; sourceTree = "<group>"; };
		80B60D7D273E3D71001A0CD4 /* HealthCareAppUITests.xctest */ = {isa = PBXFileReference; explicitFileType = wrapper.cfbundle; includeInIndex = 0; path = HealthCareAppUITests.xctest; sourceTree = BUILT_PRODUCTS_DIR; };
		80B60D81273E3D71001A0CD4 /* HealthCareAppUITests.swift */ = {isa = PBXFileReference; lastKnownFileType = sourcecode.swift; path = HealthCareAppUITests.swift; sourceTree = "<group>"; };
		80B60D83273E3D71001A0CD4 /* HealthCareAppUITestsLaunchTests.swift */ = {isa = PBXFileReference; lastKnownFileType = sourcecode.swift; path = HealthCareAppUITestsLaunchTests.swift; sourceTree = "<group>"; };
		80B60D90273E3DE3001A0CD4 /* HealthCareApp.entitlements */ = {isa = PBXFileReference; lastKnownFileType = text.plist.entitlements; path = HealthCareApp.entitlements; sourceTree = "<group>"; };
		80B60D92273E3DE3001A0CD4 /* HealthKit.framework */ = {isa = PBXFileReference; lastKnownFileType = wrapper.framework; name = HealthKit.framework; path = System/Library/Frameworks/HealthKit.framework; sourceTree = SDKROOT; };
		99AE1FEB13B2B6A83E6E2686 /* Pods_HealthCareApp_HealthCareAppUITests.framework */ = {isa = PBXFileReference; explicitFileType = wrapper.framework; includeInIndex = 0; path = Pods_HealthCareApp_HealthCareAppUITests.framework; sourceTree = BUILT_PRODUCTS_DIR; };
		DFC92204B6258E17D76D0D36 /* Pods-HealthCareAppTests.release.xcconfig */ = {isa = PBXFileReference; includeInIndex = 1; lastKnownFileType = text.xcconfig; name = "Pods-HealthCareAppTests.release.xcconfig"; path = "Target Support Files/Pods-HealthCareAppTests/Pods-HealthCareAppTests.release.xcconfig"; sourceTree = "<group>"; };
/* End PBXFileReference section */

/* Begin PBXFrameworksBuildPhase section */
		80B60D57273E3D70001A0CD4 /* Frameworks */ = {
			isa = PBXFrameworksBuildPhase;
			buildActionMask = 2147483647;
			files = (
				80B60D93273E3DE3001A0CD4 /* HealthKit.framework in Frameworks */,
				5C4E131BA4AA088A3D40D0EC /* Pods_HealthCareApp.framework in Frameworks */,
			);
			runOnlyForDeploymentPostprocessing = 0;
		};
		80B60D70273E3D71001A0CD4 /* Frameworks */ = {
			isa = PBXFrameworksBuildPhase;
			buildActionMask = 2147483647;
			files = (
				3AF3DD27D5CD7ABC1DF82ECA /* Pods_HealthCareAppTests.framework in Frameworks */,
			);
			runOnlyForDeploymentPostprocessing = 0;
		};
		80B60D7A273E3D71001A0CD4 /* Frameworks */ = {
			isa = PBXFrameworksBuildPhase;
			buildActionMask = 2147483647;
			files = (
				5E9EF23D7C1A0EB3E389B7D4 /* Pods_HealthCareApp_HealthCareAppUITests.framework in Frameworks */,
			);
			runOnlyForDeploymentPostprocessing = 0;
		};
/* End PBXFrameworksBuildPhase section */

/* Begin PBXGroup section */
		80B60D51273E3D70001A0CD4 = {
			isa = PBXGroup;
			children = (
				80B60D5C273E3D70001A0CD4 /* HealthCareApp */,
				80B60D76273E3D71001A0CD4 /* HealthCareAppTests */,
				80B60D80273E3D71001A0CD4 /* HealthCareAppUITests */,
				80B60D5B273E3D70001A0CD4 /* Products */,
				80B60D91273E3DE3001A0CD4 /* Frameworks */,
				E1017DAD334CA2C02A58CB2D /* Pods */,
			);
			sourceTree = "<group>";
		};
		80B60D5B273E3D70001A0CD4 /* Products */ = {
			isa = PBXGroup;
			children = (
				80B60D5A273E3D70001A0CD4 /* HealthCareApp.app */,
				80B60D73273E3D71001A0CD4 /* HealthCareAppTests.xctest */,
				80B60D7D273E3D71001A0CD4 /* HealthCareAppUITests.xctest */,
			);
			name = Products;
			sourceTree = "<group>";
		};
		80B60D5C273E3D70001A0CD4 /* HealthCareApp */ = {
			isa = PBXGroup;
			children = (
				80B60D90273E3DE3001A0CD4 /* HealthCareApp.entitlements */,
				80B60D5D273E3D70001A0CD4 /* AppDelegate.swift */,
				80B60D5F273E3D70001A0CD4 /* SceneDelegate.swift */,
				80B60D61273E3D70001A0CD4 /* ViewController.swift */,
				80B60D63273E3D70001A0CD4 /* Main.storyboard */,
				80B60D69273E3D71001A0CD4 /* Assets.xcassets */,
				80B60D6B273E3D71001A0CD4 /* LaunchScreen.storyboard */,
				80B60D6E273E3D71001A0CD4 /* Info.plist */,
				80B60D66273E3D70001A0CD4 /* HealthCareApp.xcdatamodeld */,
			);
			path = HealthCareApp;
			sourceTree = "<group>";
		};
		80B60D76273E3D71001A0CD4 /* HealthCareAppTests */ = {
			isa = PBXGroup;
			children = (
				80B60D77273E3D71001A0CD4 /* HealthCareAppTests.swift */,
			);
			path = HealthCareAppTests;
			sourceTree = "<group>";
		};
		80B60D80273E3D71001A0CD4 /* HealthCareAppUITests */ = {
			isa = PBXGroup;
			children = (
				80B60D81273E3D71001A0CD4 /* HealthCareAppUITests.swift */,
				80B60D83273E3D71001A0CD4 /* HealthCareAppUITestsLaunchTests.swift */,
			);
			path = HealthCareAppUITests;
			sourceTree = "<group>";
		};
		80B60D91273E3DE3001A0CD4 /* Frameworks */ = {
			isa = PBXGroup;
			children = (
				80B60D92273E3DE3001A0CD4 /* HealthKit.framework */,
				1E292A3BC60866216155112F /* Pods_HealthCareApp.framework */,
				99AE1FEB13B2B6A83E6E2686 /* Pods_HealthCareApp_HealthCareAppUITests.framework */,
				3C4E799DDE72406E220E6198 /* Pods_HealthCareAppTests.framework */,
			);
			name = Frameworks;
			sourceTree = "<group>";
		};
		E1017DAD334CA2C02A58CB2D /* Pods */ = {
			isa = PBXGroup;
			children = (
				1580589446B7CFD73732936D /* Pods-HealthCareApp.debug.xcconfig */,
				063D00E6DE8CABE15253B7C6 /* Pods-HealthCareApp.release.xcconfig */,
				707BA834F90C01A4B661E792 /* Pods-HealthCareApp-HealthCareAppUITests.debug.xcconfig */,
				2295019251CA463E09572DCE /* Pods-HealthCareApp-HealthCareAppUITests.release.xcconfig */,
				5EB1BBD71D567F2283DB55A8 /* Pods-HealthCareAppTests.debug.xcconfig */,
				DFC92204B6258E17D76D0D36 /* Pods-HealthCareAppTests.release.xcconfig */,
			);
			name = Pods;
			path = Pods;
			sourceTree = "<group>";
		};
/* End PBXGroup section */

/* Begin PBXNativeTarget section */
		80B60D59273E3D70001A0CD4 /* HealthCareApp */ = {
			isa = PBXNativeTarget;
			buildConfigurationList = 80B60D87273E3D71001A0CD4 /* Build configuration list for PBXNativeTarget "HealthCareApp" */;
			buildPhases = (
				6EB6AF527BEBF9E46CA04F3B /* [CP] Check Pods Manifest.lock */,
				80B60D56273E3D70001A0CD4 /* Sources */,
				80B60D57273E3D70001A0CD4 /* Frameworks */,
				80B60D58273E3D70001A0CD4 /* Resources */,
				1473BDDF477E2C5B5B17E878 /* [CP] Embed Pods Frameworks */,
			);
			buildRules = (
			);
			dependencies = (
			);
			name = HealthCareApp;
			productName = HealthCareApp;
			productReference = 80B60D5A273E3D70001A0CD4 /* HealthCareApp.app */;
			productType = "com.apple.product-type.application";
		};
		80B60D72273E3D71001A0CD4 /* HealthCareAppTests */ = {
			isa = PBXNativeTarget;
			buildConfigurationList = 80B60D8A273E3D71001A0CD4 /* Build configuration list for PBXNativeTarget "HealthCareAppTests" */;
			buildPhases = (
				DBF476065DF4FF73F566A83F /* [CP] Check Pods Manifest.lock */,
				80B60D6F273E3D71001A0CD4 /* Sources */,
				80B60D70273E3D71001A0CD4 /* Frameworks */,
				80B60D71273E3D71001A0CD4 /* Resources */,
			);
			buildRules = (
			);
			dependencies = (
				80B60D75273E3D71001A0CD4 /* PBXTargetDependency */,
			);
			name = HealthCareAppTests;
			productName = HealthCareAppTests;
			productReference = 80B60D73273E3D71001A0CD4 /* HealthCareAppTests.xctest */;
			productType = "com.apple.product-type.bundle.unit-test";
		};
		80B60D7C273E3D71001A0CD4 /* HealthCareAppUITests */ = {
			isa = PBXNativeTarget;
			buildConfigurationList = 80B60D8D273E3D71001A0CD4 /* Build configuration list for PBXNativeTarget "HealthCareAppUITests" */;
			buildPhases = (
				5CCDEE8A9FB7309DD7866D6E /* [CP] Check Pods Manifest.lock */,
				80B60D79273E3D71001A0CD4 /* Sources */,
				80B60D7A273E3D71001A0CD4 /* Frameworks */,
				80B60D7B273E3D71001A0CD4 /* Resources */,
				FF623F3B0E9DE6F3781E64B9 /* [CP] Embed Pods Frameworks */,
			);
			buildRules = (
			);
			dependencies = (
				80B60D7F273E3D71001A0CD4 /* PBXTargetDependency */,
			);
			name = HealthCareAppUITests;
			productName = HealthCareAppUITests;
			productReference = 80B60D7D273E3D71001A0CD4 /* HealthCareAppUITests.xctest */;
			productType = "com.apple.product-type.bundle.ui-testing";
		};
/* End PBXNativeTarget section */

/* Begin PBXProject section */
		80B60D52273E3D70001A0CD4 /* Project object */ = {
			isa = PBXProject;
			attributes = {
				BuildIndependentTargetsInParallel = 1;
				LastSwiftUpdateCheck = 1310;
				LastUpgradeCheck = 1310;
				TargetAttributes = {
					80B60D59273E3D70001A0CD4 = {
						CreatedOnToolsVersion = 13.1;
					};
					80B60D72273E3D71001A0CD4 = {
						CreatedOnToolsVersion = 13.1;
						TestTargetID = 80B60D59273E3D70001A0CD4;
					};
					80B60D7C273E3D71001A0CD4 = {
						CreatedOnToolsVersion = 13.1;
						TestTargetID = 80B60D59273E3D70001A0CD4;
					};
				};
			};
			buildConfigurationList = 80B60D55273E3D70001A0CD4 /* Build configuration list for PBXProject "HealthCareApp" */;
			compatibilityVersion = "Xcode 13.0";
			developmentRegion = en;
			hasScannedForEncodings = 0;
			knownRegions = (
				en,
				Base,
			);
			mainGroup = 80B60D51273E3D70001A0CD4;
			productRefGroup = 80B60D5B273E3D70001A0CD4 /* Products */;
			projectDirPath = "";
			projectRoot = "";
			targets = (
				80B60D59273E3D70001A0CD4 /* HealthCareApp */,
				80B60D72273E3D71001A0CD4 /* HealthCareAppTests */,
				80B60D7C273E3D71001A0CD4 /* HealthCareAppUITests */,
			);
		};
/* End PBXProject section */

/* Begin PBXResourcesBuildPhase section */
		80B60D58273E3D70001A0CD4 /* Resources */ = {
			isa = PBXResourcesBuildPhase;
			buildActionMask = 2147483647;
			files = (
				80B60D6D273E3D71001A0CD4 /* LaunchScreen.storyboard in Resources */,
				80B60D6A273E3D71001A0CD4 /* Assets.xcassets in Resources */,
				80B60D65273E3D70001A0CD4 /* Main.storyboard in Resources */,
			);
			runOnlyForDeploymentPostprocessing = 0;
		};
		80B60D71273E3D71001A0CD4 /* Resources */ = {
			isa = PBXResourcesBuildPhase;
			buildActionMask = 2147483647;
			files = (
			);
			runOnlyForDeploymentPostprocessing = 0;
		};
		80B60D7B273E3D71001A0CD4 /* Resources */ = {
			isa = PBXResourcesBuildPhase;
			buildActionMask = 2147483647;
			files = (
			);
			runOnlyForDeploymentPostprocessing = 0;
		};
/* End PBXResourcesBuildPhase section */

/* Begin PBXShellScriptBuildPhase section */
		1473BDDF477E2C5B5B17E878 /* [CP] Embed Pods Frameworks */ = {
			isa = PBXShellScriptBuildPhase;
			buildActionMask = 2147483647;
			files = (
			);
			inputFileListPaths = (
				"${PODS_ROOT}/Target Support Files/Pods-HealthCareApp/Pods-HealthCareApp-frameworks-${CONFIGURATION}-input-files.xcfilelist",
			);
			name = "[CP] Embed Pods Frameworks";
			outputFileListPaths = (
				"${PODS_ROOT}/Target Support Files/Pods-HealthCareApp/Pods-HealthCareApp-frameworks-${CONFIGURATION}-output-files.xcfilelist",
			);
			runOnlyForDeploymentPostprocessing = 0;
			shellPath = /bin/sh;
			shellScript = "\"${PODS_ROOT}/Target Support Files/Pods-HealthCareApp/Pods-HealthCareApp-frameworks.sh\"\n";
			showEnvVarsInLog = 0;
		};
		5CCDEE8A9FB7309DD7866D6E /* [CP] Check Pods Manifest.lock */ = {
			isa = PBXShellScriptBuildPhase;
			buildActionMask = 2147483647;
			files = (
			);
			inputFileListPaths = (
			);
			inputPaths = (
				"${PODS_PODFILE_DIR_PATH}/Podfile.lock",
				"${PODS_ROOT}/Manifest.lock",
			);
			name = "[CP] Check Pods Manifest.lock";
			outputFileListPaths = (
			);
			outputPaths = (
				"$(DERIVED_FILE_DIR)/Pods-HealthCareApp-HealthCareAppUITests-checkManifestLockResult.txt",
			);
			runOnlyForDeploymentPostprocessing = 0;
			shellPath = /bin/sh;
			shellScript = "diff \"${PODS_PODFILE_DIR_PATH}/Podfile.lock\" \"${PODS_ROOT}/Manifest.lock\" > /dev/null\nif [ $? != 0 ] ; then\n    # print error to STDERR\n    echo \"error: The sandbox is not in sync with the Podfile.lock. Run 'pod install' or update your CocoaPods installation.\" >&2\n    exit 1\nfi\n# This output is used by Xcode 'outputs' to avoid re-running this script phase.\necho \"SUCCESS\" > \"${SCRIPT_OUTPUT_FILE_0}\"\n";
			showEnvVarsInLog = 0;
		};
		6EB6AF527BEBF9E46CA04F3B /* [CP] Check Pods Manifest.lock */ = {
			isa = PBXShellScriptBuildPhase;
			buildActionMask = 2147483647;
			files = (
			);
			inputFileListPaths = (
			);
			inputPaths = (
				"${PODS_PODFILE_DIR_PATH}/Podfile.lock",
				"${PODS_ROOT}/Manifest.lock",
			);
			name = "[CP] Check Pods Manifest.lock";
			outputFileListPaths = (
			);
			outputPaths = (
				"$(DERIVED_FILE_DIR)/Pods-HealthCareApp-checkManifestLockResult.txt",
			);
			runOnlyForDeploymentPostprocessing = 0;
			shellPath = /bin/sh;
			shellScript = "diff \"${PODS_PODFILE_DIR_PATH}/Podfile.lock\" \"${PODS_ROOT}/Manifest.lock\" > /dev/null\nif [ $? != 0 ] ; then\n    # print error to STDERR\n    echo \"error: The sandbox is not in sync with the Podfile.lock. Run 'pod install' or update your CocoaPods installation.\" >&2\n    exit 1\nfi\n# This output is used by Xcode 'outputs' to avoid re-running this script phase.\necho \"SUCCESS\" > \"${SCRIPT_OUTPUT_FILE_0}\"\n";
			showEnvVarsInLog = 0;
		};
		DBF476065DF4FF73F566A83F /* [CP] Check Pods Manifest.lock */ = {
			isa = PBXShellScriptBuildPhase;
			buildActionMask = 2147483647;
			files = (
			);
			inputFileListPaths = (
			);
			inputPaths = (
				"${PODS_PODFILE_DIR_PATH}/Podfile.lock",
				"${PODS_ROOT}/Manifest.lock",
			);
			name = "[CP] Check Pods Manifest.lock";
			outputFileListPaths = (
			);
			outputPaths = (
				"$(DERIVED_FILE_DIR)/Pods-HealthCareAppTests-checkManifestLockResult.txt",
			);
			runOnlyForDeploymentPostprocessing = 0;
			shellPath = /bin/sh;
			shellScript = "diff \"${PODS_PODFILE_DIR_PATH}/Podfile.lock\" \"${PODS_ROOT}/Manifest.lock\" > /dev/null\nif [ $? != 0 ] ; then\n    # print error to STDERR\n    echo \"error: The sandbox is not in sync with the Podfile.lock. Run 'pod install' or update your CocoaPods installation.\" >&2\n    exit 1\nfi\n# This output is used by Xcode 'outputs' to avoid re-running this script phase.\necho \"SUCCESS\" > \"${SCRIPT_OUTPUT_FILE_0}\"\n";
			showEnvVarsInLog = 0;
		};
		FF623F3B0E9DE6F3781E64B9 /* [CP] Embed Pods Frameworks */ = {
			isa = PBXShellScriptBuildPhase;
			buildActionMask = 2147483647;
			files = (
			);
			inputFileListPaths = (
				"${PODS_ROOT}/Target Support Files/Pods-HealthCareApp-HealthCareAppUITests/Pods-HealthCareApp-HealthCareAppUITests-frameworks-${CONFIGURATION}-input-files.xcfilelist",
			);
			name = "[CP] Embed Pods Frameworks";
			outputFileListPaths = (
				"${PODS_ROOT}/Target Support Files/Pods-HealthCareApp-HealthCareAppUITests/Pods-HealthCareApp-HealthCareAppUITests-frameworks-${CONFIGURATION}-output-files.xcfilelist",
			);
			runOnlyForDeploymentPostprocessing = 0;
			shellPath = /bin/sh;
			shellScript = "\"${PODS_ROOT}/Target Support Files/Pods-HealthCareApp-HealthCareAppUITests/Pods-HealthCareApp-HealthCareAppUITests-frameworks.sh\"\n";
			showEnvVarsInLog = 0;
		};
/* End PBXShellScriptBuildPhase section */

/* Begin PBXSourcesBuildPhase section */
		80B60D56273E3D70001A0CD4 /* Sources */ = {
			isa = PBXSourcesBuildPhase;
			buildActionMask = 2147483647;
			files = (
				80B60D68273E3D70001A0CD4 /* HealthCareApp.xcdatamodeld in Sources */,
				80B60D62273E3D70001A0CD4 /* ViewController.swift in Sources */,
				80B60D5E273E3D70001A0CD4 /* AppDelegate.swift in Sources */,
				80B60D60273E3D70001A0CD4 /* SceneDelegate.swift in Sources */,
			);
			runOnlyForDeploymentPostprocessing = 0;
		};
		80B60D6F273E3D71001A0CD4 /* Sources */ = {
			isa = PBXSourcesBuildPhase;
			buildActionMask = 2147483647;
			files = (
				80B60D78273E3D71001A0CD4 /* HealthCareAppTests.swift in Sources */,
			);
			runOnlyForDeploymentPostprocessing = 0;
		};
		80B60D79273E3D71001A0CD4 /* Sources */ = {
			isa = PBXSourcesBuildPhase;
			buildActionMask = 2147483647;
			files = (
				80B60D82273E3D71001A0CD4 /* HealthCareAppUITests.swift in Sources */,
				80B60D84273E3D71001A0CD4 /* HealthCareAppUITestsLaunchTests.swift in Sources */,
			);
			runOnlyForDeploymentPostprocessing = 0;
		};
/* End PBXSourcesBuildPhase section */

/* Begin PBXTargetDependency section */
		80B60D75273E3D71001A0CD4 /* PBXTargetDependency */ = {
			isa = PBXTargetDependency;
			target = 80B60D59273E3D70001A0CD4 /* HealthCareApp */;
			targetProxy = 80B60D74273E3D71001A0CD4 /* PBXContainerItemProxy */;
		};
		80B60D7F273E3D71001A0CD4 /* PBXTargetDependency */ = {
			isa = PBXTargetDependency;
			target = 80B60D59273E3D70001A0CD4 /* HealthCareApp */;
			targetProxy = 80B60D7E273E3D71001A0CD4 /* PBXContainerItemProxy */;
		};
/* End PBXTargetDependency section */

/* Begin PBXVariantGroup section */
		80B60D63273E3D70001A0CD4 /* Main.storyboard */ = {
			isa = PBXVariantGroup;
			children = (
				80B60D64273E3D70001A0CD4 /* Base */,
			);
			name = Main.storyboard;
			sourceTree = "<group>";
		};
		80B60D6B273E3D71001A0CD4 /* LaunchScreen.storyboard */ = {
			isa = PBXVariantGroup;
			children = (
				80B60D6C273E3D71001A0CD4 /* Base */,
			);
			name = LaunchScreen.storyboard;
			sourceTree = "<group>";
		};
/* End PBXVariantGroup section */

/* Begin XCBuildConfiguration section */
		80B60D85273E3D71001A0CD4 /* Debug */ = {
			isa = XCBuildConfiguration;
			buildSettings = {
				ALWAYS_SEARCH_USER_PATHS = NO;
				CLANG_ANALYZER_NONNULL = YES;
				CLANG_ANALYZER_NUMBER_OBJECT_CONVERSION = YES_AGGRESSIVE;
				CLANG_CXX_LANGUAGE_STANDARD = "gnu++17";
				CLANG_CXX_LIBRARY = "libc++";
				CLANG_ENABLE_MODULES = YES;
				CLANG_ENABLE_OBJC_ARC = YES;
				CLANG_ENABLE_OBJC_WEAK = YES;
				CLANG_WARN_BLOCK_CAPTURE_AUTORELEASING = YES;
				CLANG_WARN_BOOL_CONVERSION = YES;
				CLANG_WARN_COMMA = YES;
				CLANG_WARN_CONSTANT_CONVERSION = YES;
				CLANG_WARN_DEPRECATED_OBJC_IMPLEMENTATIONS = YES;
				CLANG_WARN_DIRECT_OBJC_ISA_USAGE = YES_ERROR;
				CLANG_WARN_DOCUMENTATION_COMMENTS = YES;
				CLANG_WARN_EMPTY_BODY = YES;
				CLANG_WARN_ENUM_CONVERSION = YES;
				CLANG_WARN_INFINITE_RECURSION = YES;
				CLANG_WARN_INT_CONVERSION = YES;
				CLANG_WARN_NON_LITERAL_NULL_CONVERSION = YES;
				CLANG_WARN_OBJC_IMPLICIT_RETAIN_SELF = YES;
				CLANG_WARN_OBJC_LITERAL_CONVERSION = YES;
				CLANG_WARN_OBJC_ROOT_CLASS = YES_ERROR;
				CLANG_WARN_QUOTED_INCLUDE_IN_FRAMEWORK_HEADER = YES;
				CLANG_WARN_RANGE_LOOP_ANALYSIS = YES;
				CLANG_WARN_STRICT_PROTOTYPES = YES;
				CLANG_WARN_SUSPICIOUS_MOVE = YES;
				CLANG_WARN_UNGUARDED_AVAILABILITY = YES_AGGRESSIVE;
				CLANG_WARN_UNREACHABLE_CODE = YES;
				CLANG_WARN__DUPLICATE_METHOD_MATCH = YES;
				COPY_PHASE_STRIP = NO;
				DEBUG_INFORMATION_FORMAT = dwarf;
				ENABLE_STRICT_OBJC_MSGSEND = YES;
				ENABLE_TESTABILITY = YES;
				GCC_C_LANGUAGE_STANDARD = gnu11;
				GCC_DYNAMIC_NO_PIC = NO;
				GCC_NO_COMMON_BLOCKS = YES;
				GCC_OPTIMIZATION_LEVEL = 0;
				GCC_PREPROCESSOR_DEFINITIONS = (
					"DEBUG=1",
					"$(inherited)",
				);
				GCC_WARN_64_TO_32_BIT_CONVERSION = YES;
				GCC_WARN_ABOUT_RETURN_TYPE = YES_ERROR;
				GCC_WARN_UNDECLARED_SELECTOR = YES;
				GCC_WARN_UNINITIALIZED_AUTOS = YES_AGGRESSIVE;
				GCC_WARN_UNUSED_FUNCTION = YES;
				GCC_WARN_UNUSED_VARIABLE = YES;
				IPHONEOS_DEPLOYMENT_TARGET = 15.0;
				MTL_ENABLE_DEBUG_INFO = INCLUDE_SOURCE;
				MTL_FAST_MATH = YES;
				ONLY_ACTIVE_ARCH = YES;
				SDKROOT = iphoneos;
				SWIFT_ACTIVE_COMPILATION_CONDITIONS = DEBUG;
				SWIFT_OPTIMIZATION_LEVEL = "-Onone";
			};
			name = Debug;
		};
		80B60D86273E3D71001A0CD4 /* Release */ = {
			isa = XCBuildConfiguration;
			buildSettings = {
				ALWAYS_SEARCH_USER_PATHS = NO;
				CLANG_ANALYZER_NONNULL = YES;
				CLANG_ANALYZER_NUMBER_OBJECT_CONVERSION = YES_AGGRESSIVE;
				CLANG_CXX_LANGUAGE_STANDARD = "gnu++17";
				CLANG_CXX_LIBRARY = "libc++";
				CLANG_ENABLE_MODULES = YES;
				CLANG_ENABLE_OBJC_ARC = YES;
				CLANG_ENABLE_OBJC_WEAK = YES;
				CLANG_WARN_BLOCK_CAPTURE_AUTORELEASING = YES;
				CLANG_WARN_BOOL_CONVERSION = YES;
				CLANG_WARN_COMMA = YES;
				CLANG_WARN_CONSTANT_CONVERSION = YES;
				CLANG_WARN_DEPRECATED_OBJC_IMPLEMENTATIONS = YES;
				CLANG_WARN_DIRECT_OBJC_ISA_USAGE = YES_ERROR;
				CLANG_WARN_DOCUMENTATION_COMMENTS = YES;
				CLANG_WARN_EMPTY_BODY = YES;
				CLANG_WARN_ENUM_CONVERSION = YES;
				CLANG_WARN_INFINITE_RECURSION = YES;
				CLANG_WARN_INT_CONVERSION = YES;
				CLANG_WARN_NON_LITERAL_NULL_CONVERSION = YES;
				CLANG_WARN_OBJC_IMPLICIT_RETAIN_SELF = YES;
				CLANG_WARN_OBJC_LITERAL_CONVERSION = YES;
				CLANG_WARN_OBJC_ROOT_CLASS = YES_ERROR;
				CLANG_WARN_QUOTED_INCLUDE_IN_FRAMEWORK_HEADER = YES;
				CLANG_WARN_RANGE_LOOP_ANALYSIS = YES;
				CLANG_WARN_STRICT_PROTOTYPES = YES;
				CLANG_WARN_SUSPICIOUS_MOVE = YES;
				CLANG_WARN_UNGUARDED_AVAILABILITY = YES_AGGRESSIVE;
				CLANG_WARN_UNREACHABLE_CODE = YES;
				CLANG_WARN__DUPLICATE_METHOD_MATCH = YES;
				COPY_PHASE_STRIP = NO;
				DEBUG_INFORMATION_FORMAT = "dwarf-with-dsym";
				ENABLE_NS_ASSERTIONS = NO;
				ENABLE_STRICT_OBJC_MSGSEND = YES;
				GCC_C_LANGUAGE_STANDARD = gnu11;
				GCC_NO_COMMON_BLOCKS = YES;
				GCC_WARN_64_TO_32_BIT_CONVERSION = YES;
				GCC_WARN_ABOUT_RETURN_TYPE = YES_ERROR;
				GCC_WARN_UNDECLARED_SELECTOR = YES;
				GCC_WARN_UNINITIALIZED_AUTOS = YES_AGGRESSIVE;
				GCC_WARN_UNUSED_FUNCTION = YES;
				GCC_WARN_UNUSED_VARIABLE = YES;
				IPHONEOS_DEPLOYMENT_TARGET = 15.0;
				MTL_ENABLE_DEBUG_INFO = NO;
				MTL_FAST_MATH = YES;
				SDKROOT = iphoneos;
				SWIFT_COMPILATION_MODE = wholemodule;
				SWIFT_OPTIMIZATION_LEVEL = "-O";
				VALIDATE_PRODUCT = YES;
			};
			name = Release;
		};
		80B60D88273E3D71001A0CD4 /* Debug */ = {
			isa = XCBuildConfiguration;
			baseConfigurationReference = 1580589446B7CFD73732936D /* Pods-HealthCareApp.debug.xcconfig */;
			buildSettings = {
				ASSETCATALOG_COMPILER_APPICON_NAME = AppIcon;
				ASSETCATALOG_COMPILER_GLOBAL_ACCENT_COLOR_NAME = AccentColor;
				CODE_SIGN_ENTITLEMENTS = HealthCareApp/HealthCareApp.entitlements;
				CODE_SIGN_STYLE = Automatic;
				CURRENT_PROJECT_VERSION = 1;
				DEVELOPMENT_TEAM = N9UHL83GUK;
				GENERATE_INFOPLIST_FILE = YES;
				INFOPLIST_FILE = HealthCareApp/Info.plist;
				INFOPLIST_KEY_UIApplicationSupportsIndirectInputEvents = YES;
				INFOPLIST_KEY_UILaunchStoryboardName = LaunchScreen;
				INFOPLIST_KEY_UIMainStoryboardFile = Main;
				INFOPLIST_KEY_UISupportedInterfaceOrientations_iPad = "UIInterfaceOrientationPortrait UIInterfaceOrientationPortraitUpsideDown UIInterfaceOrientationLandscapeLeft UIInterfaceOrientationLandscapeRight";
				INFOPLIST_KEY_UISupportedInterfaceOrientations_iPhone = "UIInterfaceOrientationPortrait UIInterfaceOrientationLandscapeLeft UIInterfaceOrientationLandscapeRight";
				LD_RUNPATH_SEARCH_PATHS = (
					"$(inherited)",
					"@executable_path/Frameworks",
				);
				MARKETING_VERSION = 1.0;
				PRODUCT_BUNDLE_IDENTIFIER = jp.kbanchi1111.HealthCareApp;
				PRODUCT_NAME = "$(TARGET_NAME)";
				SWIFT_EMIT_LOC_STRINGS = YES;
				SWIFT_VERSION = 5.0;
				TARGETED_DEVICE_FAMILY = "1,2";
			};
			name = Debug;
		};
		80B60D89273E3D71001A0CD4 /* Release */ = {
			isa = XCBuildConfiguration;
			baseConfigurationReference = 063D00E6DE8CABE15253B7C6 /* Pods-HealthCareApp.release.xcconfig */;
			buildSettings = {
				ASSETCATALOG_COMPILER_APPICON_NAME = AppIcon;
				ASSETCATALOG_COMPILER_GLOBAL_ACCENT_COLOR_NAME = AccentColor;
				CODE_SIGN_ENTITLEMENTS = HealthCareApp/HealthCareApp.entitlements;
				CODE_SIGN_STYLE = Automatic;
				CURRENT_PROJECT_VERSION = 1;
				DEVELOPMENT_TEAM = N9UHL83GUK;
				GENERATE_INFOPLIST_FILE = YES;
				INFOPLIST_FILE = HealthCareApp/Info.plist;
				INFOPLIST_KEY_UIApplicationSupportsIndirectInputEvents = YES;
				INFOPLIST_KEY_UILaunchStoryboardName = LaunchScreen;
				INFOPLIST_KEY_UIMainStoryboardFile = Main;
				INFOPLIST_KEY_UISupportedInterfaceOrientations_iPad = "UIInterfaceOrientationPortrait UIInterfaceOrientationPortraitUpsideDown UIInterfaceOrientationLandscapeLeft UIInterfaceOrientationLandscapeRight";
				INFOPLIST_KEY_UISupportedInterfaceOrientations_iPhone = "UIInterfaceOrientationPortrait UIInterfaceOrientationLandscapeLeft UIInterfaceOrientationLandscapeRight";
				LD_RUNPATH_SEARCH_PATHS = (
					"$(inherited)",
					"@executable_path/Frameworks",
				);
				MARKETING_VERSION = 1.0;
				PRODUCT_BUNDLE_IDENTIFIER = jp.kbanchi1111.HealthCareApp;
				PRODUCT_NAME = "$(TARGET_NAME)";
				SWIFT_EMIT_LOC_STRINGS = YES;
				SWIFT_VERSION = 5.0;
				TARGETED_DEVICE_FAMILY = "1,2";
			};
			name = Release;
		};
		80B60D8B273E3D71001A0CD4 /* Debug */ = {
			isa = XCBuildConfiguration;
			baseConfigurationReference = 5EB1BBD71D567F2283DB55A8 /* Pods-HealthCareAppTests.debug.xcconfig */;
			buildSettings = {
				ALWAYS_EMBED_SWIFT_STANDARD_LIBRARIES = YES;
				BUNDLE_LOADER = "$(TEST_HOST)";
				CODE_SIGN_STYLE = Automatic;
				CURRENT_PROJECT_VERSION = 1;
				DEVELOPMENT_TEAM = W2BQ443478;
				GENERATE_INFOPLIST_FILE = YES;
				IPHONEOS_DEPLOYMENT_TARGET = 15.0;
				LD_RUNPATH_SEARCH_PATHS = (
					"$(inherited)",
					"@executable_path/Frameworks",
					"@loader_path/Frameworks",
				);
				MARKETING_VERSION = 1.0;
				PRODUCT_BUNDLE_IDENTIFIER = jp.kbanchi1111.HealthCareAppTests;
				PRODUCT_NAME = "$(TARGET_NAME)";
				SWIFT_EMIT_LOC_STRINGS = NO;
				SWIFT_VERSION = 5.0;
				TARGETED_DEVICE_FAMILY = "1,2";
				TEST_HOST = "$(BUILT_PRODUCTS_DIR)/HealthCareApp.app/HealthCareApp";
			};
			name = Debug;
		};
		80B60D8C273E3D71001A0CD4 /* Release */ = {
			isa = XCBuildConfiguration;
			baseConfigurationReference = DFC92204B6258E17D76D0D36 /* Pods-HealthCareAppTests.release.xcconfig */;
			buildSettings = {
				ALWAYS_EMBED_SWIFT_STANDARD_LIBRARIES = YES;
				BUNDLE_LOADER = "$(TEST_HOST)";
				CODE_SIGN_STYLE = Automatic;
				CURRENT_PROJECT_VERSION = 1;
				DEVELOPMENT_TEAM = W2BQ443478;
				GENERATE_INFOPLIST_FILE = YES;
				IPHONEOS_DEPLOYMENT_TARGET = 15.0;
				LD_RUNPATH_SEARCH_PATHS = (
					"$(inherited)",
					"@executable_path/Frameworks",
					"@loader_path/Frameworks",
				);
				MARKETING_VERSION = 1.0;
				PRODUCT_BUNDLE_IDENTIFIER = jp.kbanchi1111.HealthCareAppTests;
				PRODUCT_NAME = "$(TARGET_NAME)";
				SWIFT_EMIT_LOC_STRINGS = NO;
				SWIFT_VERSION = 5.0;
				TARGETED_DEVICE_FAMILY = "1,2";
				TEST_HOST = "$(BUILT_PRODUCTS_DIR)/HealthCareApp.app/HealthCareApp";
			};
			name = Release;
		};
		80B60D8E273E3D71001A0CD4 /* Debug */ = {
			isa = XCBuildConfiguration;
			baseConfigurationReference = 707BA834F90C01A4B661E792 /* Pods-HealthCareApp-HealthCareAppUITests.debug.xcconfig */;
			buildSettings = {
				ALWAYS_EMBED_SWIFT_STANDARD_LIBRARIES = YES;
				CODE_SIGN_STYLE = Automatic;
				CURRENT_PROJECT_VERSION = 1;
				DEVELOPMENT_TEAM = W2BQ443478;
				GENERATE_INFOPLIST_FILE = YES;
				LD_RUNPATH_SEARCH_PATHS = (
					"$(inherited)",
					"@executable_path/Frameworks",
					"@loader_path/Frameworks",
				);
				MARKETING_VERSION = 1.0;
				PRODUCT_BUNDLE_IDENTIFIER = jp.kbanchi1111.HealthCareAppUITests;
				PRODUCT_NAME = "$(TARGET_NAME)";
				SWIFT_EMIT_LOC_STRINGS = NO;
				SWIFT_VERSION = 5.0;
				TARGETED_DEVICE_FAMILY = "1,2";
				TEST_TARGET_NAME = HealthCareApp;
			};
			name = Debug;
		};
		80B60D8F273E3D71001A0CD4 /* Release */ = {
			isa = XCBuildConfiguration;
			baseConfigurationReference = 2295019251CA463E09572DCE /* Pods-HealthCareApp-HealthCareAppUITests.release.xcconfig */;
			buildSettings = {
				ALWAYS_EMBED_SWIFT_STANDARD_LIBRARIES = YES;
				CODE_SIGN_STYLE = Automatic;
				CURRENT_PROJECT_VERSION = 1;
				DEVELOPMENT_TEAM = W2BQ443478;
				GENERATE_INFOPLIST_FILE = YES;
				LD_RUNPATH_SEARCH_PATHS = (
					"$(inherited)",
					"@executable_path/Frameworks",
					"@loader_path/Frameworks",
				);
				MARKETING_VERSION = 1.0;
				PRODUCT_BUNDLE_IDENTIFIER = jp.kbanchi1111.HealthCareAppUITests;
				PRODUCT_NAME = "$(TARGET_NAME)";
				SWIFT_EMIT_LOC_STRINGS = NO;
				SWIFT_VERSION = 5.0;
				TARGETED_DEVICE_FAMILY = "1,2";
				TEST_TARGET_NAME = HealthCareApp;
			};
			name = Release;
		};
/* End XCBuildConfiguration section */

/* Begin XCConfigurationList section */
		80B60D55273E3D70001A0CD4 /* Build configuration list for PBXProject "HealthCareApp" */ = {
			isa = XCConfigurationList;
			buildConfigurations = (
				80B60D85273E3D71001A0CD4 /* Debug */,
				80B60D86273E3D71001A0CD4 /* Release */,
			);
			defaultConfigurationIsVisible = 0;
			defaultConfigurationName = Release;
		};
		80B60D87273E3D71001A0CD4 /* Build configuration list for PBXNativeTarget "HealthCareApp" */ = {
			isa = XCConfigurationList;
			buildConfigurations = (
				80B60D88273E3D71001A0CD4 /* Debug */,
				80B60D89273E3D71001A0CD4 /* Release */,
			);
			defaultConfigurationIsVisible = 0;
			defaultConfigurationName = Release;
		};
		80B60D8A273E3D71001A0CD4 /* Build configuration list for PBXNativeTarget "HealthCareAppTests" */ = {
			isa = XCConfigurationList;
			buildConfigurations = (
				80B60D8B273E3D71001A0CD4 /* Debug */,
				80B60D8C273E3D71001A0CD4 /* Release */,
			);
			defaultConfigurationIsVisible = 0;
			defaultConfigurationName = Release;
		};
		80B60D8D273E3D71001A0CD4 /* Build configuration list for PBXNativeTarget "HealthCareAppUITests" */ = {
			isa = XCConfigurationList;
			buildConfigurations = (
				80B60D8E273E3D71001A0CD4 /* Debug */,
				80B60D8F273E3D71001A0CD4 /* Release */,
			);
			defaultConfigurationIsVisible = 0;
			defaultConfigurationName = Release;
		};
/* End XCConfigurationList section */

/* Begin XCVersionGroup section */
		80B60D66273E3D70001A0CD4 /* HealthCareApp.xcdatamodeld */ = {
			isa = XCVersionGroup;
			children = (
				80B60D67273E3D70001A0CD4 /* HealthCareApp.xcdatamodel */,
			);
			currentVersion = 80B60D67273E3D70001A0CD4 /* HealthCareApp.xcdatamodel */;
			path = HealthCareApp.xcdatamodeld;
			sourceTree = "<group>";
			versionGroupType = wrapper.xcdatamodel;
		};
/* End XCVersionGroup section */
	};
	rootObject = 80B60D52273E3D70001A0CD4 /* Project object */;
}
