// !$*UTF8*$!
{
	archiveVersion = 1;
	classes = {
	};
	objectVersion = 55;
	objects = {

/* Begin PBXBuildFile section */
		80B60D5E273E3D70001A0CD4 /* AppDelegate.swift in Sources */ = {isa = PBXBuildFile; fileRef = 80B60D5D273E3D70001A0CD4 /* AppDelegate.swift */; };
		80B60D60273E3D70001A0CD4 /* SceneDelegate.swift in Sources */ = {isa = PBXBuildFile; fileRef = 80B60D5F273E3D70001A0CD4 /* SceneDelegate.swift */; };
		80B60D62273E3D70001A0CD4 /* ViewController.swift in Sources */ = {isa = PBXBuildFile; fileRef = 80B60D61273E3D70001A0CD4 /* ViewController.swift */; };
		80B60D65273E3D70001A0CD4 /* Main.storyboard in Resources */ = {isa = PBXBuildFile; fileRef = 80B60D63273E3D70001A0CD4 /* Main.storyboard */; };
		80B60D68273E3D70001A0CD4 /* HealthCareApp.xcdatamodeld in Sources */ = {isa = PBXBuildFile; fileRef = 80B60D66273E3D70001A0CD4 /* HealthCareApp.xcdatamodeld */; };
		80B60D6A273E3D71001A0CD4 /* Assets.xcassets in Resources */ = {isa = PBXBuildFile; fileRef = 80B60D69273E3D71001A0CD4 /* Assets.xcassets */; };
		80B60D6D273E3D71001A0CD4 /* LaunchScreen.storyboard in Resources */ = {isa = PBXBuildFile; fileRef = 80B60D6B273E3D71001A0CD4 /* LaunchScreen.storyboard */; };
		80B60D78273E3D71001A0CD4 /* HealthCareAppTests.swift in Sources */ = {isa = PBXBuildFile; fileRef = 80B60D77273E3D71001A0CD4 /* HealthCareAppTests.swift */; };
		80B60D82273E3D71001A0CD4 /* HealthCareAppUITests.swift in Sources */ = {isa = PBXBuildFile; fileRef = 80B60D81273E3D71001A0CD4 /* HealthCareAppUITests.swift */; };
		80B60D84273E3D71001A0CD4 /* HealthCareAppUITestsLaunchTests.swift in Sources */ = {isa = PBXBuildFile; fileRef = 80B60D83273E3D71001A0CD4 /* HealthCareAppUITestsLaunchTests.swift */; };
/* End PBXBuildFile section */

/* Begin PBXContainerItemProxy section */
		80B60D74273E3D71001A0CD4 /* PBXContainerItemProxy */ = {
			isa = PBXContainerItemProxy;
			containerPortal = 80B60D52273E3D70001A0CD4 /* Project object */;
			proxyType = 1;
			remoteGlobalIDString = 80B60D59273E3D70001A0CD4;
			remoteInfo = HealthCareApp;
		};
		80B60D7E273E3D71001A0CD4 /* PBXContainerItemProxy */ = {
			isa = PBXContainerItemProxy;
			containerPortal = 80B60D52273E3D70001A0CD4 /* Project object */;
			proxyType = 1;
			remoteGlobalIDString = 80B60D59273E3D70001A0CD4;
			remoteInfo = HealthCareApp;
		};
/* End PBXContainerItemProxy section */

/* Begin PBXFileReference section */
		80B60D5A273E3D70001A0CD4 /* HealthCareApp.app */ = {isa = PBXFileReference; explicitFileType = wrapper.application; includeInIndex = 0; path = HealthCareApp.app; sourceTree = BUILT_PRODUCTS_DIR; };
		80B60D5D273E3D70001A0CD4 /* AppDelegate.swift */ = {isa = PBXFileReference; lastKnownFileType = sourcecode.swift; path = AppDelegate.swift; sourceTree = "<group>"; };
		80B60D5F273E3D70001A0CD4 /* SceneDelegate.swift */ = {isa = PBXFileReference; lastKnownFileType = sourcecode.swift; path = SceneDelegate.swift; sourceTree = "<group>"; };
		80B60D61273E3D70001A0CD4 /* ViewController.swift */ = {isa = PBXFileReference; lastKnownFileType = sourcecode.swift; path = ViewController.swift; sourceTree = "<group>"; };
		80B60D64273E3D70001A0CD4 /* Base */ = {isa = PBXFileReference; lastKnownFileType = file.storyboard; name = Base; path = Base.lproj/Main.storyboard; sourceTree = "<group>"; };
		80B60D67273E3D70001A0CD4 /* HealthCareApp.xcdatamodel */ = {isa = PBXFileReference; lastKnownFileType = wrapper.xcdatamodel; path = HealthCareApp.xcdatamodel; sourceTree = "<group>"; };
		80B60D69273E3D71001A0CD4 /* Assets.xcassets */ = {isa = PBXFileReference; lastKnownFileType = folder.assetcatalog; path = Assets.xcassets; sourceTree = "<group>"; };
		80B60D6C273E3D71001A0CD4 /* Base */ = {isa = PBXFileReference; lastKnownFileType = file.storyboard; name = Base; path = Base.lproj/LaunchScreen.storyboard; sourceTree = "<group>"; };
		80B60D6E273E3D71001A0CD4 /* Info.plist */ = {isa = PBXFileReference; lastKnownFileType = text.plist.xml; path = Info.plist; sourceTree = "<group>"; };
		80B60D73273E3D71001A0CD4 /* HealthCareAppTests.xctest */ = {isa = PBXFileReference; explicitFileType = wrapper.cfbundle; includeInIndex = 0; path = HealthCareAppTests.xctest; sourceTree = BUILT_PRODUCTS_DIR; };
		80B60D77273E3D71001A0CD4 /* HealthCareAppTests.swift */ = {isa = PBXFileReference; lastKnownFileType = sourcecode.swift; path = HealthCareAppTests.swift; sourceTree = "<group>"; };
		80B60D7D273E3D71001A0CD4 /* HealthCareAppUITests.xctest */ = {isa = PBXFileReference; explicitFileType = wrapper.cfbundle; includeInIndex = 0; path = HealthCareAppUITests.xctest; sourceTree = BUILT_PRODUCTS_DIR; };
		80B60D81273E3D71001A0CD4 /* HealthCareAppUITests.swift */ = {isa = PBXFileReference; lastKnownFileType = sourcecode.swift; path = HealthCareAppUITests.swift; sourceTree = "<group>"; };
		80B60D83273E3D71001A0CD4 /* HealthCareAppUITestsLaunchTests.swift */ = {isa = PBXFileReference; lastKnownFileType = sourcecode.swift; path = HealthCareAppUITestsLaunchTests.swift; sourceTree = "<group>"; };
/* End PBXFileReference section */

/* Begin PBXFrameworksBuildPhase section */
		80B60D57273E3D70001A0CD4 /* Frameworks */ = {
			isa = PBXFrameworksBuildPhase;
			buildActionMask = 2147483647;
			files = (
			);
			runOnlyForDeploymentPostprocessing = 0;
		};
		80B60D70273E3D71001A0CD4 /* Frameworks */ = {
			isa = PBXFrameworksBuildPhase;
			buildActionMask = 2147483647;
			files = (
			);
			runOnlyForDeploymentPostprocessing = 0;
		};
		80B60D7A273E3D71001A0CD4 /* Frameworks */ = {
			isa = PBXFrameworksBuildPhase;
			buildActionMask = 2147483647;
			files = (
			);
			runOnlyForDeploymentPostprocessing = 0;
		};
/* End PBXFrameworksBuildPhase section */

/* Begin PBXGroup section */
		80B60D51273E3D70001A0CD4 = {
			isa = PBXGroup;
			children = (
				80B60D5C273E3D70001A0CD4 /* HealthCareApp */,
				80B60D76273E3D71001A0CD4 /* HealthCareAppTests */,
				80B60D80273E3D71001A0CD4 /* HealthCareAppUITests */,
				80B60D5B273E3D70001A0CD4 /* Products */,
			);
			sourceTree = "<group>";
		};
		80B60D5B273E3D70001A0CD4 /* Products */ = {
			isa = PBXGroup;
			children = (
				80B60D5A273E3D70001A0CD4 /* HealthCareApp.app */,
				80B60D73273E3D71001A0CD4 /* HealthCareAppTests.xctest */,
				80B60D7D273E3D71001A0CD4 /* HealthCareAppUITests.xctest */,
			);
			name = Products;
			sourceTree = "<group>";
		};
		80B60D5C273E3D70001A0CD4 /* HealthCareApp */ = {
			isa = PBXGroup;
			children = (
				80B60D5D273E3D70001A0CD4 /* AppDelegate.swift */,
				80B60D5F273E3D70001A0CD4 /* SceneDelegate.swift */,
				80B60D61273E3D70001A0CD4 /* ViewController.swift */,
				80B60D63273E3D70001A0CD4 /* Main.storyboard */,
				80B60D69273E3D71001A0CD4 /* Assets.xcassets */,
				80B60D6B273E3D71001A0CD4 /* LaunchScreen.storyboard */,
				80B60D6E273E3D71001A0CD4 /* Info.plist */,
				80B60D66273E3D70001A0CD4 /* HealthCareApp.xcdatamodeld */,
			);
			path = HealthCareApp;
			sourceTree = "<group>";
		};
		80B60D76273E3D71001A0CD4 /* HealthCareAppTests */ = {
			isa = PBXGroup;
			children = (
				80B60D77273E3D71001A0CD4 /* HealthCareAppTests.swift */,
			);
			path = HealthCareAppTests;
			sourceTree = "<group>";
		};
		80B60D80273E3D71001A0CD4 /* HealthCareAppUITests */ = {
			isa = PBXGroup;
			children = (
				80B60D81273E3D71001A0CD4 /* HealthCareAppUITests.swift */,
				80B60D83273E3D71001A0CD4 /* HealthCareAppUITestsLaunchTests.swift */,
			);
			path = HealthCareAppUITests;
			sourceTree = "<group>";
		};
/* End PBXGroup section */

/* Begin PBXNativeTarget section */
		80B60D59273E3D70001A0CD4 /* HealthCareApp */ = {
			isa = PBXNativeTarget;
			buildConfigurationList = 80B60D87273E3D71001A0CD4 /* Build configuration list for PBXNativeTarget "HealthCareApp" */;
			buildPhases = (
				80B60D56273E3D70001A0CD4 /* Sources */,
				80B60D57273E3D70001A0CD4 /* Frameworks */,
				80B60D58273E3D70001A0CD4 /* Resources */,
			);
			buildRules = (
			);
			dependencies = (
			);
			name = HealthCareApp;
			productName = HealthCareApp;
			productReference = 80B60D5A273E3D70001A0CD4 /* HealthCareApp.app */;
			productType = "com.apple.product-type.application";
		};
		80B60D72273E3D71001A0CD4 /* HealthCareAppTests */ = {
			isa = PBXNativeTarget;
			buildConfigurationList = 80B60D8A273E3D71001A0CD4 /* Build configuration list for PBXNativeTarget "HealthCareAppTests" */;
			buildPhases = (
				80B60D6F273E3D71001A0CD4 /* Sources */,
				80B60D70273E3D71001A0CD4 /* Frameworks */,
				80B60D71273E3D71001A0CD4 /* Resources */,
			);
			buildRules = (
			);
			dependencies = (
				80B60D75273E3D71001A0CD4 /* PBXTargetDependency */,
			);
			name = HealthCareAppTests;
			productName = HealthCareAppTests;
			productReference = 80B60D73273E3D71001A0CD4 /* HealthCareAppTests.xctest */;
			productType = "com.apple.product-type.bundle.unit-test";
		};
		80B60D7C273E3D71001A0CD4 /* HealthCareAppUITests */ = {
			isa = PBXNativeTarget;
			buildConfigurationList = 80B60D8D273E3D71001A0CD4 /* Build configuration list for PBXNativeTarget "HealthCareAppUITests" */;
			buildPhases = (
				80B60D79273E3D71001A0CD4 /* Sources */,
				80B60D7A273E3D71001A0CD4 /* Frameworks */,
				80B60D7B273E3D71001A0CD4 /* Resources */,
			);
			buildRules = (
			);
			dependencies = (
				80B60D7F273E3D71001A0CD4 /* PBXTargetDependency */,
			);
			name = HealthCareAppUITests;
			productName = HealthCareAppUITests;
			productReference = 80B60D7D273E3D71001A0CD4 /* HealthCareAppUITests.xctest */;
			productType = "com.apple.product-type.bundle.ui-testing";
		};
/* End PBXNativeTarget section */

/* Begin PBXProject section */
		80B60D52273E3D70001A0CD4 /* Project object */ = {
			isa = PBXProject;
			attributes = {
				BuildIndependentTargetsInParallel = 1;
				LastSwiftUpdateCheck = 1310;
				LastUpgradeCheck = 1310;
				TargetAttributes = {
					80B60D59273E3D70001A0CD4 = {
						CreatedOnToolsVersion = 13.1;
					};
					80B60D72273E3D71001A0CD4 = {
						CreatedOnToolsVersion = 13.1;
						TestTargetID = 80B60D59273E3D70001A0CD4;
					};
					80B60D7C273E3D71001A0CD4 = {
						CreatedOnToolsVersion = 13.1;
						TestTargetID = 80B60D59273E3D70001A0CD4;
					};
				};
			};
			buildConfigurationList = 80B60D55273E3D70001A0CD4 /* Build configuration list for PBXProject "HealthCareApp" */;
			compatibilityVersion = "Xcode 13.0";
			developmentRegion = en;
			hasScannedForEncodings = 0;
			knownRegions = (
				en,
				Base,
			);
			mainGroup = 80B60D51273E3D70001A0CD4;
			productRefGroup = 80B60D5B273E3D70001A0CD4 /* Products */;
			projectDirPath = "";
			projectRoot = "";
			targets = (
				80B60D59273E3D70001A0CD4 /* HealthCareApp */,
				80B60D72273E3D71001A0CD4 /* HealthCareAppTests */,
				80B60D7C273E3D71001A0CD4 /* HealthCareAppUITests */,
			);
		};
/* End PBXProject section */

/* Begin PBXResourcesBuildPhase section */
		80B60D58273E3D70001A0CD4 /* Resources */ = {
			isa = PBXResourcesBuildPhase;
			buildActionMask = 2147483647;
			files = (
				80B60D6D273E3D71001A0CD4 /* LaunchScreen.storyboard in Resources */,
				80B60D6A273E3D71001A0CD4 /* Assets.xcassets in Resources */,
				80B60D65273E3D70001A0CD4 /* Main.storyboard in Resources */,
			);
			runOnlyForDeploymentPostprocessing = 0;
		};
		80B60D71273E3D71001A0CD4 /* Resources */ = {
			isa = PBXResourcesBuildPhase;
			buildActionMask = 2147483647;
			files = (
			);
			runOnlyForDeploymentPostprocessing = 0;
		};
		80B60D7B273E3D71001A0CD4 /* Resources */ = {
			isa = PBXResourcesBuildPhase;
			buildActionMask = 2147483647;
			files = (
			);
			runOnlyForDeploymentPostprocessing = 0;
		};
/* End PBXResourcesBuildPhase section */

/* Begin PBXSourcesBuildPhase section */
		80B60D56273E3D70001A0CD4 /* Sources */ = {
			isa = PBXSourcesBuildPhase;
			buildActionMask = 2147483647;
			files = (
				80B60D68273E3D70001A0CD4 /* HealthCareApp.xcdatamodeld in Sources */,
				80B60D62273E3D70001A0CD4 /* ViewController.swift in Sources */,
				80B60D5E273E3D70001A0CD4 /* AppDelegate.swift in Sources */,
				80B60D60273E3D70001A0CD4 /* SceneDelegate.swift in Sources */,
			);
			runOnlyForDeploymentPostprocessing = 0;
		};
		80B60D6F273E3D71001A0CD4 /* Sources */ = {
			isa = PBXSourcesBuildPhase;
			buildActionMask = 2147483647;
			files = (
				80B60D78273E3D71001A0CD4 /* HealthCareAppTests.swift in Sources */,
			);
			runOnlyForDeploymentPostprocessing = 0;
		};
		80B60D79273E3D71001A0CD4 /* Sources */ = {
			isa = PBXSourcesBuildPhase;
			buildActionMask = 2147483647;
			files = (
				80B60D82273E3D71001A0CD4 /* HealthCareAppUITests.swift in Sources */,
				80B60D84273E3D71001A0CD4 /* HealthCareAppUITestsLaunchTests.swift in Sources */,
			);
			runOnlyForDeploymentPostprocessing = 0;
		};
/* End PBXSourcesBuildPhase section */

/* Begin PBXTargetDependency section */
		80B60D75273E3D71001A0CD4 /* PBXTargetDependency */ = {
			isa = PBXTargetDependency;
			target = 80B60D59273E3D70001A0CD4 /* HealthCareApp */;
			targetProxy = 80B60D74273E3D71001A0CD4 /* PBXContainerItemProxy */;
		};
		80B60D7F273E3D71001A0CD4 /* PBXTargetDependency */ = {
			isa = PBXTargetDependency;
			target = 80B60D59273E3D70001A0CD4 /* HealthCareApp */;
			targetProxy = 80B60D7E273E3D71001A0CD4 /* PBXContainerItemProxy */;
		};
/* End PBXTargetDependency section */

/* Begin PBXVariantGroup section */
		80B60D63273E3D70001A0CD4 /* Main.storyboard */ = {
			isa = PBXVariantGroup;
			children = (
				80B60D64273E3D70001A0CD4 /* Base */,
			);
			name = Main.storyboard;
			sourceTree = "<group>";
		};
		80B60D6B273E3D71001A0CD4 /* LaunchScreen.storyboard */ = {
			isa = PBXVariantGroup;
			children = (
				80B60D6C273E3D71001A0CD4 /* Base */,
			);
			name = LaunchScreen.storyboard;
			sourceTree = "<group>";
		};
/* End PBXVariantGroup section */

/* Begin XCBuildConfiguration section */
		80B60D85273E3D71001A0CD4 /* Debug */ = {
			isa = XCBuildConfiguration;
			buildSettings = {
				ALWAYS_SEARCH_USER_PATHS = NO;
				CLANG_ANALYZER_NONNULL = YES;
				CLANG_ANALYZER_NUMBER_OBJECT_CONVERSION = YES_AGGRESSIVE;
				CLANG_CXX_LANGUAGE_STANDARD = "gnu++17";
				CLANG_CXX_LIBRARY = "libc++";
				CLANG_ENABLE_MODULES = YES;
				CLANG_ENABLE_OBJC_ARC = YES;
				CLANG_ENABLE_OBJC_WEAK = YES;
				CLANG_WARN_BLOCK_CAPTURE_AUTORELEASING = YES;
				CLANG_WARN_BOOL_CONVERSION = YES;
				CLANG_WARN_COMMA = YES;
				CLANG_WARN_CONSTANT_CONVERSION = YES;
				CLANG_WARN_DEPRECATED_OBJC_IMPLEMENTATIONS = YES;
				CLANG_WARN_DIRECT_OBJC_ISA_USAGE = YES_ERROR;
				CLANG_WARN_DOCUMENTATION_COMMENTS = YES;
				CLANG_WARN_EMPTY_BODY = YES;
				CLANG_WARN_ENUM_CONVERSION = YES;
				CLANG_WARN_INFINITE_RECURSION = YES;
				CLANG_WARN_INT_CONVERSION = YES;
				CLANG_WARN_NON_LITERAL_NULL_CONVERSION = YES;
				CLANG_WARN_OBJC_IMPLICIT_RETAIN_SELF = YES;
				CLANG_WARN_OBJC_LITERAL_CONVERSION = YES;
				CLANG_WARN_OBJC_ROOT_CLASS = YES_ERROR;
				CLANG_WARN_QUOTED_INCLUDE_IN_FRAMEWORK_HEADER = YES;
				CLANG_WARN_RANGE_LOOP_ANALYSIS = YES;
				CLANG_WARN_STRICT_PROTOTYPES = YES;
				CLANG_WARN_SUSPICIOUS_MOVE = YES;
				CLANG_WARN_UNGUARDED_AVAILABILITY = YES_AGGRESSIVE;
				CLANG_WARN_UNREACHABLE_CODE = YES;
				CLANG_WARN__DUPLICATE_METHOD_MATCH = YES;
				COPY_PHASE_STRIP = NO;
				DEBUG_INFORMATION_FORMAT = dwarf;
				ENABLE_STRICT_OBJC_MSGSEND = YES;
				ENABLE_TESTABILITY = YES;
				GCC_C_LANGUAGE_STANDARD = gnu11;
				GCC_DYNAMIC_NO_PIC = NO;
				GCC_NO_COMMON_BLOCKS = YES;
				GCC_OPTIMIZATION_LEVEL = 0;
				GCC_PREPROCESSOR_DEFINITIONS = (
					"DEBUG=1",
					"$(inherited)",
				);
				GCC_WARN_64_TO_32_BIT_CONVERSION = YES;
				GCC_WARN_ABOUT_RETURN_TYPE = YES_ERROR;
				GCC_WARN_UNDECLARED_SELECTOR = YES;
				GCC_WARN_UNINITIALIZED_AUTOS = YES_AGGRESSIVE;
				GCC_WARN_UNUSED_FUNCTION = YES;
				GCC_WARN_UNUSED_VARIABLE = YES;
				IPHONEOS_DEPLOYMENT_TARGET = 15.0;
				MTL_ENABLE_DEBUG_INFO = INCLUDE_SOURCE;
				MTL_FAST_MATH = YES;
				ONLY_ACTIVE_ARCH = YES;
				SDKROOT = iphoneos;
				SWIFT_ACTIVE_COMPILATION_CONDITIONS = DEBUG;
				SWIFT_OPTIMIZATION_LEVEL = "-Onone";
			};
			name = Debug;
		};
		80B60D86273E3D71001A0CD4 /* Release */ = {
			isa = XCBuildConfiguration;
			buildSettings = {
				ALWAYS_SEARCH_USER_PATHS = NO;
				CLANG_ANALYZER_NONNULL = YES;
				CLANG_ANALYZER_NUMBER_OBJECT_CONVERSION = YES_AGGRESSIVE;
				CLANG_CXX_LANGUAGE_STANDARD = "gnu++17";
				CLANG_CXX_LIBRARY = "libc++";
				CLANG_ENABLE_MODULES = YES;
				CLANG_ENABLE_OBJC_ARC = YES;
				CLANG_ENABLE_OBJC_WEAK = YES;
				CLANG_WARN_BLOCK_CAPTURE_AUTORELEASING = YES;
				CLANG_WARN_BOOL_CONVERSION = YES;
				CLANG_WARN_COMMA = YES;
				CLANG_WARN_CONSTANT_CONVERSION = YES;
				CLANG_WARN_DEPRECATED_OBJC_IMPLEMENTATIONS = YES;
				CLANG_WARN_DIRECT_OBJC_ISA_USAGE = YES_ERROR;
				CLANG_WARN_DOCUMENTATION_COMMENTS = YES;
				CLANG_WARN_EMPTY_BODY = YES;
				CLANG_WARN_ENUM_CONVERSION = YES;
				CLANG_WARN_INFINITE_RECURSION = YES;
				CLANG_WARN_INT_CONVERSION = YES;
				CLANG_WARN_NON_LITERAL_NULL_CONVERSION = YES;
				CLANG_WARN_OBJC_IMPLICIT_RETAIN_SELF = YES;
				CLANG_WARN_OBJC_LITERAL_CONVERSION = YES;
				CLANG_WARN_OBJC_ROOT_CLASS = YES_ERROR;
				CLANG_WARN_QUOTED_INCLUDE_IN_FRAMEWORK_HEADER = YES;
				CLANG_WARN_RANGE_LOOP_ANALYSIS = YES;
				CLANG_WARN_STRICT_PROTOTYPES = YES;
				CLANG_WARN_SUSPICIOUS_MOVE = YES;
				CLANG_WARN_UNGUARDED_AVAILABILITY = YES_AGGRESSIVE;
				CLANG_WARN_UNREACHABLE_CODE = YES;
				CLANG_WARN__DUPLICATE_METHOD_MATCH = YES;
				COPY_PHASE_STRIP = NO;
				DEBUG_INFORMATION_FORMAT = "dwarf-with-dsym";
				ENABLE_NS_ASSERTIONS = NO;
				ENABLE_STRICT_OBJC_MSGSEND = YES;
				GCC_C_LANGUAGE_STANDARD = gnu11;
				GCC_NO_COMMON_BLOCKS = YES;
				GCC_WARN_64_TO_32_BIT_CONVERSION = YES;
				GCC_WARN_ABOUT_RETURN_TYPE = YES_ERROR;
				GCC_WARN_UNDECLARED_SELECTOR = YES;
				GCC_WARN_UNINITIALIZED_AUTOS = YES_AGGRESSIVE;
				GCC_WARN_UNUSED_FUNCTION = YES;
				GCC_WARN_UNUSED_VARIABLE = YES;
				IPHONEOS_DEPLOYMENT_TARGET = 15.0;
				MTL_ENABLE_DEBUG_INFO = NO;
				MTL_FAST_MATH = YES;
				SDKROOT = iphoneos;
				SWIFT_COMPILATION_MODE = wholemodule;
				SWIFT_OPTIMIZATION_LEVEL = "-O";
				VALIDATE_PRODUCT = YES;
			};
			name = Release;
		};
		80B60D88273E3D71001A0CD4 /* Debug */ = {
			isa = XCBuildConfiguration;
			buildSettings = {
				ASSETCATALOG_COMPILER_APPICON_NAME = AppIcon;
				ASSETCATALOG_COMPILER_GLOBAL_ACCENT_COLOR_NAME = AccentColor;
				CODE_SIGN_STYLE = Automatic;
				CURRENT_PROJECT_VERSION = 1;
				DEVELOPMENT_TEAM = W2BQ443478;
				GENERATE_INFOPLIST_FILE = YES;
				INFOPLIST_FILE = HealthCareApp/Info.plist;
				INFOPLIST_KEY_UIApplicationSupportsIndirectInputEvents = YES;
				INFOPLIST_KEY_UILaunchStoryboardName = LaunchScreen;
				INFOPLIST_KEY_UIMainStoryboardFile = Main;
				INFOPLIST_KEY_UISupportedInterfaceOrientations_iPad = "UIInterfaceOrientationPortrait UIInterfaceOrientationPortraitUpsideDown UIInterfaceOrientationLandscapeLeft UIInterfaceOrientationLandscapeRight";
				INFOPLIST_KEY_UISupportedInterfaceOrientations_iPhone = "UIInterfaceOrientationPortrait UIInterfaceOrientationLandscapeLeft UIInterfaceOrientationLandscapeRight";
				LD_RUNPATH_SEARCH_PATHS = (
					"$(inherited)",
					"@executable_path/Frameworks",
				);
				MARKETING_VERSION = 1.0;
				PRODUCT_BUNDLE_IDENTIFIER = jp.kbanchi1111.HealthCareApp;
				PRODUCT_NAME = "$(TARGET_NAME)";
				SWIFT_EMIT_LOC_STRINGS = YES;
				SWIFT_VERSION = 5.0;
				TARGETED_DEVICE_FAMILY = "1,2";
			};
			name = Debug;
		};
		80B60D89273E3D71001A0CD4 /* Release */ = {
			isa = XCBuildConfiguration;
			buildSettings = {
				ASSETCATALOG_COMPILER_APPICON_NAME = AppIcon;
				ASSETCATALOG_COMPILER_GLOBAL_ACCENT_COLOR_NAME = AccentColor;
				CODE_SIGN_STYLE = Automatic;
				CURRENT_PROJECT_VERSION = 1;
				DEVELOPMENT_TEAM = W2BQ443478;
				GENERATE_INFOPLIST_FILE = YES;
				INFOPLIST_FILE = HealthCareApp/Info.plist;
				INFOPLIST_KEY_UIApplicationSupportsIndirectInputEvents = YES;
				INFOPLIST_KEY_UILaunchStoryboardName = LaunchScreen;
				INFOPLIST_KEY_UIMainStoryboardFile = Main;
				INFOPLIST_KEY_UISupportedInterfaceOrientations_iPad = "UIInterfaceOrientationPortrait UIInterfaceOrientationPortraitUpsideDown UIInterfaceOrientationLandscapeLeft UIInterfaceOrientationLandscapeRight";
				INFOPLIST_KEY_UISupportedInterfaceOrientations_iPhone = "UIInterfaceOrientationPortrait UIInterfaceOrientationLandscapeLeft UIInterfaceOrientationLandscapeRight";
				LD_RUNPATH_SEARCH_PATHS = (
					"$(inherited)",
					"@executable_path/Frameworks",
				);
				MARKETING_VERSION = 1.0;
				PRODUCT_BUNDLE_IDENTIFIER = jp.kbanchi1111.HealthCareApp;
				PRODUCT_NAME = "$(TARGET_NAME)";
				SWIFT_EMIT_LOC_STRINGS = YES;
				SWIFT_VERSION = 5.0;
				TARGETED_DEVICE_FAMILY = "1,2";
			};
			name = Release;
		};
		80B60D8B273E3D71001A0CD4 /* Debug */ = {
			isa = XCBuildConfiguration;
			buildSettings = {
				ALWAYS_EMBED_SWIFT_STANDARD_LIBRARIES = YES;
				BUNDLE_LOADER = "$(TEST_HOST)";
				CODE_SIGN_STYLE = Automatic;
				CURRENT_PROJECT_VERSION = 1;
				DEVELOPMENT_TEAM = W2BQ443478;
				GENERATE_INFOPLIST_FILE = YES;
				IPHONEOS_DEPLOYMENT_TARGET = 15.0;
				LD_RUNPATH_SEARCH_PATHS = (
					"$(inherited)",
					"@executable_path/Frameworks",
					"@loader_path/Frameworks",
				);
				MARKETING_VERSION = 1.0;
				PRODUCT_BUNDLE_IDENTIFIER = jp.kbanchi1111.HealthCareAppTests;
				PRODUCT_NAME = "$(TARGET_NAME)";
				SWIFT_EMIT_LOC_STRINGS = NO;
				SWIFT_VERSION = 5.0;
				TARGETED_DEVICE_FAMILY = "1,2";
				TEST_HOST = "$(BUILT_PRODUCTS_DIR)/HealthCareApp.app/HealthCareApp";
			};
			name = Debug;
		};
		80B60D8C273E3D71001A0CD4 /* Release */ = {
			isa = XCBuildConfiguration;
			buildSettings = {
				ALWAYS_EMBED_SWIFT_STANDARD_LIBRARIES = YES;
				BUNDLE_LOADER = "$(TEST_HOST)";
				CODE_SIGN_STYLE = Automatic;
				CURRENT_PROJECT_VERSION = 1;
				DEVELOPMENT_TEAM = W2BQ443478;
				GENERATE_INFOPLIST_FILE = YES;
				IPHONEOS_DEPLOYMENT_TARGET = 15.0;
				LD_RUNPATH_SEARCH_PATHS = (
					"$(inherited)",
					"@executable_path/Frameworks",
					"@loader_path/Frameworks",
				);
				MARKETING_VERSION = 1.0;
				PRODUCT_BUNDLE_IDENTIFIER = jp.kbanchi1111.HealthCareAppTests;
				PRODUCT_NAME = "$(TARGET_NAME)";
				SWIFT_EMIT_LOC_STRINGS = NO;
				SWIFT_VERSION = 5.0;
				TARGETED_DEVICE_FAMILY = "1,2";
				TEST_HOST = "$(BUILT_PRODUCTS_DIR)/HealthCareApp.app/HealthCareApp";
			};
			name = Release;
		};
		80B60D8E273E3D71001A0CD4 /* Debug */ = {
			isa = XCBuildConfiguration;
			buildSettings = {
				ALWAYS_EMBED_SWIFT_STANDARD_LIBRARIES = YES;
				CODE_SIGN_STYLE = Automatic;
				CURRENT_PROJECT_VERSION = 1;
				DEVELOPMENT_TEAM = W2BQ443478;
				GENERATE_INFOPLIST_FILE = YES;
				LD_RUNPATH_SEARCH_PATHS = (
					"$(inherited)",
					"@executable_path/Frameworks",
					"@loader_path/Frameworks",
				);
				MARKETING_VERSION = 1.0;
				PRODUCT_BUNDLE_IDENTIFIER = jp.kbanchi1111.HealthCareAppUITests;
				PRODUCT_NAME = "$(TARGET_NAME)";
				SWIFT_EMIT_LOC_STRINGS = NO;
				SWIFT_VERSION = 5.0;
				TARGETED_DEVICE_FAMILY = "1,2";
				TEST_TARGET_NAME = HealthCareApp;
			};
			name = Debug;
		};
		80B60D8F273E3D71001A0CD4 /* Release */ = {
			isa = XCBuildConfiguration;
			buildSettings = {
				ALWAYS_EMBED_SWIFT_STANDARD_LIBRARIES = YES;
				CODE_SIGN_STYLE = Automatic;
				CURRENT_PROJECT_VERSION = 1;
				DEVELOPMENT_TEAM = W2BQ443478;
				GENERATE_INFOPLIST_FILE = YES;
				LD_RUNPATH_SEARCH_PATHS = (
					"$(inherited)",
					"@executable_path/Frameworks",
					"@loader_path/Frameworks",
				);
				MARKETING_VERSION = 1.0;
				PRODUCT_BUNDLE_IDENTIFIER = jp.kbanchi1111.HealthCareAppUITests;
				PRODUCT_NAME = "$(TARGET_NAME)";
				SWIFT_EMIT_LOC_STRINGS = NO;
				SWIFT_VERSION = 5.0;
				TARGETED_DEVICE_FAMILY = "1,2";
				TEST_TARGET_NAME = HealthCareApp;
			};
			name = Release;
		};
/* End XCBuildConfiguration section */

/* Begin XCConfigurationList section */
		80B60D55273E3D70001A0CD4 /* Build configuration list for PBXProject "HealthCareApp" */ = {
			isa = XCConfigurationList;
			buildConfigurations = (
				80B60D85273E3D71001A0CD4 /* Debug */,
				80B60D86273E3D71001A0CD4 /* Release */,
			);
			defaultConfigurationIsVisible = 0;
			defaultConfigurationName = Release;
		};
		80B60D87273E3D71001A0CD4 /* Build configuration list for PBXNativeTarget "HealthCareApp" */ = {
			isa = XCConfigurationList;
			buildConfigurations = (
				80B60D88273E3D71001A0CD4 /* Debug */,
				80B60D89273E3D71001A0CD4 /* Release */,
			);
			defaultConfigurationIsVisible = 0;
			defaultConfigurationName = Release;
		};
		80B60D8A273E3D71001A0CD4 /* Build configuration list for PBXNativeTarget "HealthCareAppTests" */ = {
			isa = XCConfigurationList;
			buildConfigurations = (
				80B60D8B273E3D71001A0CD4 /* Debug */,
				80B60D8C273E3D71001A0CD4 /* Release */,
			);
			defaultConfigurationIsVisible = 0;
			defaultConfigurationName = Release;
		};
		80B60D8D273E3D71001A0CD4 /* Build configuration list for PBXNativeTarget "HealthCareAppUITests" */ = {
			isa = XCConfigurationList;
			buildConfigurations = (
				80B60D8E273E3D71001A0CD4 /* Debug */,
				80B60D8F273E3D71001A0CD4 /* Release */,
			);
			defaultConfigurationIsVisible = 0;
			defaultConfigurationName = Release;
		};
/* End XCConfigurationList section */

/* Begin XCVersionGroup section */
		80B60D66273E3D70001A0CD4 /* HealthCareApp.xcdatamodeld */ = {
			isa = XCVersionGroup;
			children = (
				80B60D67273E3D70001A0CD4 /* HealthCareApp.xcdatamodel */,
			);
			currentVersion = 80B60D67273E3D70001A0CD4 /* HealthCareApp.xcdatamodel */;
			path = HealthCareApp.xcdatamodeld;
			sourceTree = "<group>";
			versionGroupType = wrapper.xcdatamodel;
		};
/* End XCVersionGroup section */
	};
	rootObject = 80B60D52273E3D70001A0CD4 /* Project object */;
}
